Microsoft Visual Studio Solution File, Format Version 12.00
# Visual Studio Version 17
VisualStudioVersion = 17.5.2.0
MinimumVisualStudioVersion = 10.0.40219.1
Project("{FAE04EC0-301F-11D3-BF4B-00C04F79EFBC}") = "g8kpr", "g8kpr.csproj", "{47E793AE-9171-CE92-2074-40CB1E0E68C5}"
EndProject
Global
	GlobalSection(SolutionConfigurationPlatforms) = preSolution
		Debug|Any CPU = Debug|Any CPU
		Release|Any CPU = Release|Any CPU
	EndGlobalSection
	GlobalSection(ProjectConfigurationPlatforms) = postSolution
		{47E793AE-9171-CE92-2074-40CB1E0E68C5}.Debug|Any CPU.ActiveCfg = Debug|Any CPU
		{47E793AE-9171-CE92-2074-40CB1E0E68C5}.Debug|Any CPU.Build.0 = Debug|Any CPU
		{47E793AE-9171-CE92-2074-40CB1E0E68C5}.Release|Any CPU.ActiveCfg = Release|Any CPU
		{47E793AE-9171-CE92-2074-40CB1E0E68C5}.Release|Any CPU.Build.0 = Release|Any CPU
	EndGlobalSection
	GlobalSection(SolutionProperties) = preSolution
		HideSolutionNode = FALSE
	EndGlobalSection
	GlobalSection(ExtensibilityGlobals) = postSolution
		SolutionGuid = {66BC2AD8-5D15-4E78-BC4C-5935F42DABF9}
	EndGlobalSection
EndGlobal
